// !$*UTF8*$!
{
	archiveVersion = 1;
	classes = {
	};
	objectVersion = 46;
	objects = {

/* Begin PBXBuildFile section */
		C58082301A430ED7004AB7D3 /* AppDelegate.swift in Sources */ = {isa = PBXBuildFile; fileRef = C580822F1A430ED7004AB7D3 /* AppDelegate.swift */; };
		C58082331A430ED7004AB7D3 /* jackyuan.xcdatamodeld in Sources */ = {isa = PBXBuildFile; fileRef = C58082311A430ED7004AB7D3 /* jackyuan.xcdatamodeld */; };
		C58082351A430ED7004AB7D3 /* ViewController.swift in Sources */ = {isa = PBXBuildFile; fileRef = C58082341A430ED7004AB7D3 /* ViewController.swift */; };
		C58082381A430ED7004AB7D3 /* Main.storyboard in Resources */ = {isa = PBXBuildFile; fileRef = C58082361A430ED7004AB7D3 /* Main.storyboard */; };
		C580823A1A430ED7004AB7D3 /* Images.xcassets in Resources */ = {isa = PBXBuildFile; fileRef = C58082391A430ED7004AB7D3 /* Images.xcassets */; };
		C580823D1A430ED7004AB7D3 /* LaunchScreen.xib in Resources */ = {isa = PBXBuildFile; fileRef = C580823B1A430ED7004AB7D3 /* LaunchScreen.xib */; };
		C58082491A430ED7004AB7D3 /* jackyuanTests.swift in Sources */ = {isa = PBXBuildFile; fileRef = C58082481A430ED7004AB7D3 /* jackyuanTests.swift */; };
/* End PBXBuildFile section */

/* Begin PBXContainerItemProxy section */
		C58082431A430ED7004AB7D3 /* PBXContainerItemProxy */ = {
			isa = PBXContainerItemProxy;
			containerPortal = C58082221A430ED7004AB7D3 /* Project object */;
			proxyType = 1;
			remoteGlobalIDString = C58082291A430ED7004AB7D3;
			remoteInfo = jackyuan;
		};
/* End PBXContainerItemProxy section */

/* Begin PBXFileReference section */
		C580822A1A430ED7004AB7D3 /* jackyuan.app */ = {isa = PBXFileReference; explicitFileType = wrapper.application; includeInIndex = 0; path = jackyuan.app; sourceTree = BUILT_PRODUCTS_DIR; };
		C580822E1A430ED7004AB7D3 /* Info.plist */ = {isa = PBXFileReference; lastKnownFileType = text.plist.xml; path = Info.plist; sourceTree = "<group>"; };
		C580822F1A430ED7004AB7D3 /* AppDelegate.swift */ = {isa = PBXFileReference; lastKnownFileType = sourcecode.swift; path = AppDelegate.swift; sourceTree = "<group>"; };
		C58082321A430ED7004AB7D3 /* jackyuan.xcdatamodel */ = {isa = PBXFileReference; lastKnownFileType = wrapper.xcdatamodel; path = jackyuan.xcdatamodel; sourceTree = "<group>"; };
		C58082341A430ED7004AB7D3 /* ViewController.swift */ = {isa = PBXFileReference; lastKnownFileType = sourcecode.swift; path = ViewController.swift; sourceTree = "<group>"; };
		C58082371A430ED7004AB7D3 /* Base */ = {isa = PBXFileReference; lastKnownFileType = file.storyboard; name = Base; path = Base.lproj/Main.storyboard; sourceTree = "<group>"; };
		C58082391A430ED7004AB7D3 /* Images.xcassets */ = {isa = PBXFileReference; lastKnownFileType = folder.assetcatalog; path = Images.xcassets; sourceTree = "<group>"; };
		C580823C1A430ED7004AB7D3 /* Base */ = {isa = PBXFileReference; lastKnownFileType = file.xib; name = Base; path = Base.lproj/LaunchScreen.xib; sourceTree = "<group>"; };
		C58082421A430ED7004AB7D3 /* jackyuanTests.xctest */ = {isa = PBXFileReference; explicitFileType = wrapper.cfbundle; includeInIndex = 0; path = jackyuanTests.xctest; sourceTree = BUILT_PRODUCTS_DIR; };
		C58082471A430ED7004AB7D3 /* Info.plist */ = {isa = PBXFileReference; lastKnownFileType = text.plist.xml; path = Info.plist; sourceTree = "<group>"; };
		C58082481A430ED7004AB7D3 /* jackyuanTests.swift */ = {isa = PBXFileReference; lastKnownFileType = sourcecode.swift; path = jackyuanTests.swift; sourceTree = "<group>"; };
/* End PBXFileReference section */

/* Begin PBXFrameworksBuildPhase section */
		C58082271A430ED7004AB7D3 /* Frameworks */ = {
			isa = PBXFrameworksBuildPhase;
			buildActionMask = 2147483647;
			files = (
			);
			runOnlyForDeploymentPostprocessing = 0;
		};
		C580823F1A430ED7004AB7D3 /* Frameworks */ = {
			isa = PBXFrameworksBuildPhase;
			buildActionMask = 2147483647;
			files = (
			);
			runOnlyForDeploymentPostprocessing = 0;
		};
/* End PBXFrameworksBuildPhase section */

/* Begin PBXGroup section */
		C58082211A430ED7004AB7D3 = {
			isa = PBXGroup;
			children = (
				C580822C1A430ED7004AB7D3 /* jackyuan */,
				C58082451A430ED7004AB7D3 /* jackyuanTests */,
				C580822B1A430ED7004AB7D3 /* Products */,
			);
			sourceTree = "<group>";
		};
		C580822B1A430ED7004AB7D3 /* Products */ = {
			isa = PBXGroup;
			children = (
				C580822A1A430ED7004AB7D3 /* jackyuan.app */,
				C58082421A430ED7004AB7D3 /* jackyuanTests.xctest */,
			);
			name = Products;
			sourceTree = "<group>";
		};
		C580822C1A430ED7004AB7D3 /* jackyuan */ = {
			isa = PBXGroup;
			children = (
				C580822F1A430ED7004AB7D3 /* AppDelegate.swift */,
				C58082341A430ED7004AB7D3 /* ViewController.swift */,
				C58082361A430ED7004AB7D3 /* Main.storyboard */,
				C58082391A430ED7004AB7D3 /* Images.xcassets */,
				C580823B1A430ED7004AB7D3 /* LaunchScreen.xib */,
				C58082311A430ED7004AB7D3 /* jackyuan.xcdatamodeld */,
				C580822D1A430ED7004AB7D3 /* Supporting Files */,
			);
			path = jackyuan;
			sourceTree = "<group>";
		};
		C580822D1A430ED7004AB7D3 /* Supporting Files */ = {
			isa = PBXGroup;
			children = (
				C580822E1A430ED7004AB7D3 /* Info.plist */,
			);
			name = "Supporting Files";
			sourceTree = "<group>";
		};
		C58082451A430ED7004AB7D3 /* jackyuanTests */ = {
			isa = PBXGroup;
			children = (
				C58082481A430ED7004AB7D3 /* jackyuanTests.swift */,
				C58082461A430ED7004AB7D3 /* Supporting Files */,
			);
			path = jackyuanTests;
			sourceTree = "<group>";
		};
		C58082461A430ED7004AB7D3 /* Supporting Files */ = {
			isa = PBXGroup;
			children = (
				C58082471A430ED7004AB7D3 /* Info.plist */,
			);
			name = "Supporting Files";
			sourceTree = "<group>";
		};
/* End PBXGroup section */

/* Begin PBXNativeTarget section */
		C58082291A430ED7004AB7D3 /* jackyuan */ = {
			isa = PBXNativeTarget;
			buildConfigurationList = C580824C1A430ED7004AB7D3 /* Build configuration list for PBXNativeTarget "jackyuan" */;
			buildPhases = (
				C58082261A430ED7004AB7D3 /* Sources */,
				C58082271A430ED7004AB7D3 /* Frameworks */,
				C58082281A430ED7004AB7D3 /* Resources */,
			);
			buildRules = (
			);
			dependencies = (
			);
			name = jackyuan;
			productName = jackyuan;
			productReference = C580822A1A430ED7004AB7D3 /* jackyuan.app */;
			productType = "com.apple.product-type.application";
		};
		C58082411A430ED7004AB7D3 /* jackyuanTests */ = {
			isa = PBXNativeTarget;
			buildConfigurationList = C580824F1A430ED7004AB7D3 /* Build configuration list for PBXNativeTarget "jackyuanTests" */;
			buildPhases = (
				C580823E1A430ED7004AB7D3 /* Sources */,
				C580823F1A430ED7004AB7D3 /* Frameworks */,
				C58082401A430ED7004AB7D3 /* Resources */,
			);
			buildRules = (
			);
			dependencies = (
				C58082441A430ED7004AB7D3 /* PBXTargetDependency */,
			);
			name = jackyuanTests;
			productName = jackyuanTests;
			productReference = C58082421A430ED7004AB7D3 /* jackyuanTests.xctest */;
			productType = "com.apple.product-type.bundle.unit-test";
		};
/* End PBXNativeTarget section */

/* Begin PBXProject section */
		C58082221A430ED7004AB7D3 /* Project object */ = {
			isa = PBXProject;
			attributes = {
				LastUpgradeCheck = 0610;
				ORGANIZATIONNAME = jackyuan;
				TargetAttributes = {
					C58082291A430ED7004AB7D3 = {
						CreatedOnToolsVersion = 6.1.1;
					};
					C58082411A430ED7004AB7D3 = {
						CreatedOnToolsVersion = 6.1.1;
						TestTargetID = C58082291A430ED7004AB7D3;
					};
				};
			};
			buildConfigurationList = C58082251A430ED7004AB7D3 /* Build configuration list for PBXProject "jackyuan" */;
			compatibilityVersion = "Xcode 3.2";
			developmentRegion = English;
			hasScannedForEncodings = 0;
			knownRegions = (
				en,
				Base,
			);
			mainGroup = C58082211A430ED7004AB7D3;
			productRefGroup = C580822B1A430ED7004AB7D3 /* Products */;
			projectDirPath = "";
			projectRoot = "";
			targets = (
				C58082291A430ED7004AB7D3 /* jackyuan */,
				C58082411A430ED7004AB7D3 /* jackyuanTests */,
			);
		};
/* End PBXProject section */

/* Begin PBXResourcesBuildPhase section */
		C58082281A430ED7004AB7D3 /* Resources */ = {
			isa = PBXResourcesBuildPhase;
			buildActionMask = 2147483647;
			files = (
				C58082381A430ED7004AB7D3 /* Main.storyboard in Resources */,
				C580823D1A430ED7004AB7D3 /* LaunchScreen.xib in Resources */,
				C580823A1A430ED7004AB7D3 /* Images.xcassets in Resources */,
			);
			runOnlyForDeploymentPostprocessing = 0;
		};
		C58082401A430ED7004AB7D3 /* Resources */ = {
			isa = PBXResourcesBuildPhase;
			buildActionMask = 2147483647;
			files = (
			);
			runOnlyForDeploymentPostprocessing = 0;
		};
/* End PBXResourcesBuildPhase section */

/* Begin PBXSourcesBuildPhase section */
		C58082261A430ED7004AB7D3 /* Sources */ = {
			isa = PBXSourcesBuildPhase;
			buildActionMask = 2147483647;
			files = (
				C58082351A430ED7004AB7D3 /* ViewController.swift in Sources */,
				C58082301A430ED7004AB7D3 /* AppDelegate.swift in Sources */,
				C58082331A430ED7004AB7D3 /* jackyuan.xcdatamodeld in Sources */,
			);
			runOnlyForDeploymentPostprocessing = 0;
		};
		C580823E1A430ED7004AB7D3 /* Sources */ = {
			isa = PBXSourcesBuildPhase;
			buildActionMask = 2147483647;
			files = (
				C58082491A430ED7004AB7D3 /* jackyuanTests.swift in Sources */,
			);
			runOnlyForDeploymentPostprocessing = 0;
		};
/* End PBXSourcesBuildPhase section */

/* Begin PBXTargetDependency section */
		C58082441A430ED7004AB7D3 /* PBXTargetDependency */ = {
			isa = PBXTargetDependency;
			target = C58082291A430ED7004AB7D3 /* jackyuan */;
			targetProxy = C58082431A430ED7004AB7D3 /* PBXContainerItemProxy */;
		};
/* End PBXTargetDependency section */

/* Begin PBXVariantGroup section */
		C58082361A430ED7004AB7D3 /* Main.storyboard */ = {
			isa = PBXVariantGroup;
			children = (
				C58082371A430ED7004AB7D3 /* Base */,
			);
			name = Main.storyboard;
			sourceTree = "<group>";
		};
		C580823B1A430ED7004AB7D3 /* LaunchScreen.xib */ = {
			isa = PBXVariantGroup;
			children = (
				C580823C1A430ED7004AB7D3 /* Base */,
			);
			name = LaunchScreen.xib;
			sourceTree = "<group>";
		};
/* End PBXVariantGroup section */

/* Begin XCBuildConfiguration section */
		C580824A1A430ED7004AB7D3 /* Debug */ = {
			isa = XCBuildConfiguration;
			buildSettings = {
				ALWAYS_SEARCH_USER_PATHS = NO;
				CLANG_CXX_LANGUAGE_STANDARD = "gnu++0x";
				CLANG_CXX_LIBRARY = "libc++";
				CLANG_ENABLE_MODULES = YES;
				CLANG_ENABLE_OBJC_ARC = YES;
				CLANG_WARN_BOOL_CONVERSION = YES;
				CLANG_WARN_CONSTANT_CONVERSION = YES;
				CLANG_WARN_DIRECT_OBJC_ISA_USAGE = YES_ERROR;
				CLANG_WARN_EMPTY_BODY = YES;
				CLANG_WARN_ENUM_CONVERSION = YES;
				CLANG_WARN_INT_CONVERSION = YES;
				CLANG_WARN_OBJC_ROOT_CLASS = YES_ERROR;
				CLANG_WARN_UNREACHABLE_CODE = YES;
				CLANG_WARN__DUPLICATE_METHOD_MATCH = YES;
				"CODE_SIGN_IDENTITY[sdk=iphoneos*]" = "iPhone Developer";
				COPY_PHASE_STRIP = NO;
				ENABLE_STRICT_OBJC_MSGSEND = YES;
				GCC_C_LANGUAGE_STANDARD = gnu99;
				GCC_DYNAMIC_NO_PIC = NO;
				GCC_OPTIMIZATION_LEVEL = 0;
				GCC_PREPROCESSOR_DEFINITIONS = (
					"DEBUG=1",
					"$(inherited)",
				);
				GCC_SYMBOLS_PRIVATE_EXTERN = NO;
				GCC_WARN_64_TO_32_BIT_CONVERSION = YES;
				GCC_WARN_ABOUT_RETURN_TYPE = YES_ERROR;
				GCC_WARN_UNDECLARED_SELECTOR = YES;
				GCC_WARN_UNINITIALIZED_AUTOS = YES_AGGRESSIVE;
				GCC_WARN_UNUSED_FUNCTION = YES;
				GCC_WARN_UNUSED_VARIABLE = YES;
				IPHONEOS_DEPLOYMENT_TARGET = 8.1;
				MTL_ENABLE_DEBUG_INFO = YES;
				ONLY_ACTIVE_ARCH = YES;
				SDKROOT = iphoneos;
				SWIFT_OPTIMIZATION_LEVEL = "-Onone";
			};
			name = Debug;
		};
		C580824B1A430ED7004AB7D3 /* Release */ = {
			isa = XCBuildConfiguration;
			buildSettings = {
				ALWAYS_SEARCH_USER_PATHS = NO;
				CLANG_CXX_LANGUAGE_STANDARD = "gnu++0x";
				CLANG_CXX_LIBRARY = "libc++";
				CLANG_ENABLE_MODULES = YES;
				CLANG_ENABLE_OBJC_ARC = YES;
				CLANG_WARN_BOOL_CONVERSION = YES;
				CLANG_WARN_CONSTANT_CONVERSION = YES;
				CLANG_WARN_DIRECT_OBJC_ISA_USAGE = YES_ERROR;
				CLANG_WARN_EMPTY_BODY = YES;
				CLANG_WARN_ENUM_CONVERSION = YES;
				CLANG_WARN_INT_CONVERSION = YES;
				CLANG_WARN_OBJC_ROOT_CLASS = YES_ERROR;
				CLANG_WARN_UNREACHABLE_CODE = YES;
				CLANG_WARN__DUPLICATE_METHOD_MATCH = YES;
				"CODE_SIGN_IDENTITY[sdk=iphoneos*]" = "iPhone Developer";
				COPY_PHASE_STRIP = YES;
				ENABLE_NS_ASSERTIONS = NO;
				ENABLE_STRICT_OBJC_MSGSEND = YES;
				GCC_C_LANGUAGE_STANDARD = gnu99;
				GCC_WARN_64_TO_32_BIT_CONVERSION = YES;
				GCC_WARN_ABOUT_RETURN_TYPE = YES_ERROR;
				GCC_WARN_UNDECLARED_SELECTOR = YES;
				GCC_WARN_UNINITIALIZED_AUTOS = YES_AGGRESSIVE;
				GCC_WARN_UNUSED_FUNCTION = YES;
				GCC_WARN_UNUSED_VARIABLE = YES;
				IPHONEOS_DEPLOYMENT_TARGET = 8.1;
				MTL_ENABLE_DEBUG_INFO = NO;
				SDKROOT = iphoneos;
				VALIDATE_PRODUCT = YES;
			};
			name = Release;
		};
		C580824D1A430ED7004AB7D3 /* Debug */ = {
			isa = XCBuildConfiguration;
			buildSettings = {
				ASSETCATALOG_COMPILER_APPICON_NAME = AppIcon;
				INFOPLIST_FILE = jackyuan/Info.plist;
				LD_RUNPATH_SEARCH_PATHS = "$(inherited) @executable_path/Frameworks";
				PRODUCT_NAME = "$(TARGET_NAME)";
			};
			name = Debug;
		};
		C580824E1A430ED7004AB7D3 /* Release */ = {
			isa = XCBuildConfiguration;
			buildSettings = {
				ASSETCATALOG_COMPILER_APPICON_NAME = AppIcon;
				INFOPLIST_FILE = jackyuan/Info.plist;
				LD_RUNPATH_SEARCH_PATHS = "$(inherited) @executable_path/Frameworks";
				PRODUCT_NAME = "$(TARGET_NAME)";
			};
			name = Release;
		};
		C58082501A430ED7004AB7D3 /* Debug */ = {
			isa = XCBuildConfiguration;
			buildSettings = {
				BUNDLE_LOADER = "$(TEST_HOST)";
				FRAMEWORK_SEARCH_PATHS = (
					"$(SDKROOT)/Developer/Library/Frameworks",
					"$(inherited)",
				);
				GCC_PREPROCESSOR_DEFINITIONS = (
					"DEBUG=1",
					"$(inherited)",
				);
				INFOPLIST_FILE = jackyuanTests/Info.plist;
				LD_RUNPATH_SEARCH_PATHS = "$(inherited) @executable_path/Frameworks @loader_path/Frameworks";
				PRODUCT_NAME = "$(TARGET_NAME)";
				TEST_HOST = "$(BUILT_PRODUCTS_DIR)/jackyuan.app/jackyuan";
			};
			name = Debug;
		};
		C58082511A430ED7004AB7D3 /* Release */ = {
			isa = XCBuildConfiguration;
			buildSettings = {
				BUNDLE_LOADER = "$(TEST_HOST)";
				FRAMEWORK_SEARCH_PATHS = (
					"$(SDKROOT)/Developer/Library/Frameworks",
					"$(inherited)",
				);
				INFOPLIST_FILE = jackyuanTests/Info.plist;
				LD_RUNPATH_SEARCH_PATHS = "$(inherited) @executable_path/Frameworks @loader_path/Frameworks";
				PRODUCT_NAME = "$(TARGET_NAME)";
				TEST_HOST = "$(BUILT_PRODUCTS_DIR)/jackyuan.app/jackyuan";
			};
			name = Release;
		};
/* End XCBuildConfiguration section */

/* Begin XCConfigurationList section */
		C58082251A430ED7004AB7D3 /* Build configuration list for PBXProject "jackyuan" */ = {
			isa = XCConfigurationList;
			buildConfigurations = (
				C580824A1A430ED7004AB7D3 /* Debug */,
				C580824B1A430ED7004AB7D3 /* Release */,
			);
			defaultConfigurationIsVisible = 0;
			defaultConfigurationName = Release;
		};
		C580824C1A430ED7004AB7D3 /* Build configuration list for PBXNativeTarget "jackyuan" */ = {
			isa = XCConfigurationList;
			buildConfigurations = (
				C580824D1A430ED7004AB7D3 /* Debug */,
				C580824E1A430ED7004AB7D3 /* Release */,
			);
			defaultConfigurationIsVisible = 0;
		};
		C580824F1A430ED7004AB7D3 /* Build configuration list for PBXNativeTarget "jackyuanTests" */ = {
			isa = XCConfigurationList;
			buildConfigurations = (
				C58082501A430ED7004AB7D3 /* Debug */,
				C58082511A430ED7004AB7D3 /* Release */,
			);
			defaultConfigurationIsVisible = 0;
		};
/* End XCConfigurationList section */

/* Begin XCVersionGroup section */
		C58082311A430ED7004AB7D3 /* jackyuan.xcdatamodeld */ = {
			isa = XCVersionGroup;
			children = (
				C58082321A430ED7004AB7D3 /* jackyuan.xcdatamodel */,
			);
			currentVersion = C58082321A430ED7004AB7D3 /* jackyuan.xcdatamodel */;
			path = jackyuan.xcdatamodeld;
			sourceTree = "<group>";
			versionGroupType = wrapper.xcdatamodel;
		};
/* End XCVersionGroup section */
	};
	rootObject = C58082221A430ED7004AB7D3 /* Project object */;
}
