// !$*UTF8*$!
{
	archiveVersion = 1;
	classes = {
	};
	objectVersion = 46;
	objects = {

/* Begin PBXBuildFile section */
		C584B4D41A431D9400E50D70 /* AppDelegate.swift in Sources */ = {isa = PBXBuildFile; fileRef = C584B4D31A431D9400E50D70 /* AppDelegate.swift */; };
		C584B4D71A431D9400E50D70 /* myswift3.xcdatamodeld in Sources */ = {isa = PBXBuildFile; fileRef = C584B4D51A431D9400E50D70 /* myswift3.xcdatamodeld */; };
		C584B4D91A431D9400E50D70 /* ViewController.swift in Sources */ = {isa = PBXBuildFile; fileRef = C584B4D81A431D9400E50D70 /* ViewController.swift */; };
		C584B4DC1A431D9400E50D70 /* Main.storyboard in Resources */ = {isa = PBXBuildFile; fileRef = C584B4DA1A431D9400E50D70 /* Main.storyboard */; };
		C584B4DE1A431D9400E50D70 /* Images.xcassets in Resources */ = {isa = PBXBuildFile; fileRef = C584B4DD1A431D9400E50D70 /* Images.xcassets */; };
		C584B4E11A431D9400E50D70 /* LaunchScreen.xib in Resources */ = {isa = PBXBuildFile; fileRef = C584B4DF1A431D9400E50D70 /* LaunchScreen.xib */; };
		C584B4ED1A431D9400E50D70 /* myswift3Tests.swift in Sources */ = {isa = PBXBuildFile; fileRef = C584B4EC1A431D9400E50D70 /* myswift3Tests.swift */; };
/* End PBXBuildFile section */

/* Begin PBXContainerItemProxy section */
		C584B4E71A431D9400E50D70 /* PBXContainerItemProxy */ = {
			isa = PBXContainerItemProxy;
			containerPortal = C584B4C61A431D9400E50D70 /* Project object */;
			proxyType = 1;
			remoteGlobalIDString = C584B4CD1A431D9400E50D70;
			remoteInfo = myswift3;
		};
/* End PBXContainerItemProxy section */

/* Begin PBXFileReference section */
		C584B4CE1A431D9400E50D70 /* myswift3.app */ = {isa = PBXFileReference; explicitFileType = wrapper.application; includeInIndex = 0; path = myswift3.app; sourceTree = BUILT_PRODUCTS_DIR; };
		C584B4D21A431D9400E50D70 /* Info.plist */ = {isa = PBXFileReference; lastKnownFileType = text.plist.xml; path = Info.plist; sourceTree = "<group>"; };
		C584B4D31A431D9400E50D70 /* AppDelegate.swift */ = {isa = PBXFileReference; lastKnownFileType = sourcecode.swift; path = AppDelegate.swift; sourceTree = "<group>"; };
		C584B4D61A431D9400E50D70 /* myswift3.xcdatamodel */ = {isa = PBXFileReference; lastKnownFileType = wrapper.xcdatamodel; path = myswift3.xcdatamodel; sourceTree = "<group>"; };
		C584B4D81A431D9400E50D70 /* ViewController.swift */ = {isa = PBXFileReference; lastKnownFileType = sourcecode.swift; path = ViewController.swift; sourceTree = "<group>"; };
		C584B4DB1A431D9400E50D70 /* Base */ = {isa = PBXFileReference; lastKnownFileType = file.storyboard; name = Base; path = Base.lproj/Main.storyboard; sourceTree = "<group>"; };
		C584B4DD1A431D9400E50D70 /* Images.xcassets */ = {isa = PBXFileReference; lastKnownFileType = folder.assetcatalog; path = Images.xcassets; sourceTree = "<group>"; };
		C584B4E01A431D9400E50D70 /* Base */ = {isa = PBXFileReference; lastKnownFileType = file.xib; name = Base; path = Base.lproj/LaunchScreen.xib; sourceTree = "<group>"; };
		C584B4E61A431D9400E50D70 /* myswift3Tests.xctest */ = {isa = PBXFileReference; explicitFileType = wrapper.cfbundle; includeInIndex = 0; path = myswift3Tests.xctest; sourceTree = BUILT_PRODUCTS_DIR; };
		C584B4EB1A431D9400E50D70 /* Info.plist */ = {isa = PBXFileReference; lastKnownFileType = text.plist.xml; path = Info.plist; sourceTree = "<group>"; };
		C584B4EC1A431D9400E50D70 /* myswift3Tests.swift */ = {isa = PBXFileReference; lastKnownFileType = sourcecode.swift; path = myswift3Tests.swift; sourceTree = "<group>"; };
/* End PBXFileReference section */

/* Begin PBXFrameworksBuildPhase section */
		C584B4CB1A431D9400E50D70 /* Frameworks */ = {
			isa = PBXFrameworksBuildPhase;
			buildActionMask = 2147483647;
			files = (
			);
			runOnlyForDeploymentPostprocessing = 0;
		};
		C584B4E31A431D9400E50D70 /* Frameworks */ = {
			isa = PBXFrameworksBuildPhase;
			buildActionMask = 2147483647;
			files = (
			);
			runOnlyForDeploymentPostprocessing = 0;
		};
/* End PBXFrameworksBuildPhase section */

/* Begin PBXGroup section */
		C584B4C51A431D9400E50D70 = {
			isa = PBXGroup;
			children = (
				C584B4D01A431D9400E50D70 /* myswift3 */,
				C584B4E91A431D9400E50D70 /* myswift3Tests */,
				C584B4CF1A431D9400E50D70 /* Products */,
			);
			sourceTree = "<group>";
		};
		C584B4CF1A431D9400E50D70 /* Products */ = {
			isa = PBXGroup;
			children = (
				C584B4CE1A431D9400E50D70 /* myswift3.app */,
				C584B4E61A431D9400E50D70 /* myswift3Tests.xctest */,
			);
			name = Products;
			sourceTree = "<group>";
		};
		C584B4D01A431D9400E50D70 /* myswift3 */ = {
			isa = PBXGroup;
			children = (
				C584B4D31A431D9400E50D70 /* AppDelegate.swift */,
				C584B4D81A431D9400E50D70 /* ViewController.swift */,
				C584B4DA1A431D9400E50D70 /* Main.storyboard */,
				C584B4DD1A431D9400E50D70 /* Images.xcassets */,
				C584B4DF1A431D9400E50D70 /* LaunchScreen.xib */,
				C584B4D51A431D9400E50D70 /* myswift3.xcdatamodeld */,
				C584B4D11A431D9400E50D70 /* Supporting Files */,
			);
			path = myswift3;
			sourceTree = "<group>";
		};
		C584B4D11A431D9400E50D70 /* Supporting Files */ = {
			isa = PBXGroup;
			children = (
				C584B4D21A431D9400E50D70 /* Info.plist */,
			);
			name = "Supporting Files";
			sourceTree = "<group>";
		};
		C584B4E91A431D9400E50D70 /* myswift3Tests */ = {
			isa = PBXGroup;
			children = (
				C584B4EC1A431D9400E50D70 /* myswift3Tests.swift */,
				C584B4EA1A431D9400E50D70 /* Supporting Files */,
			);
			path = myswift3Tests;
			sourceTree = "<group>";
		};
		C584B4EA1A431D9400E50D70 /* Supporting Files */ = {
			isa = PBXGroup;
			children = (
				C584B4EB1A431D9400E50D70 /* Info.plist */,
			);
			name = "Supporting Files";
			sourceTree = "<group>";
		};
/* End PBXGroup section */

/* Begin PBXNativeTarget section */
		C584B4CD1A431D9400E50D70 /* myswift3 */ = {
			isa = PBXNativeTarget;
			buildConfigurationList = C584B4F01A431D9400E50D70 /* Build configuration list for PBXNativeTarget "myswift3" */;
			buildPhases = (
				C584B4CA1A431D9400E50D70 /* Sources */,
				C584B4CB1A431D9400E50D70 /* Frameworks */,
				C584B4CC1A431D9400E50D70 /* Resources */,
			);
			buildRules = (
			);
			dependencies = (
			);
			name = myswift3;
			productName = myswift3;
			productReference = C584B4CE1A431D9400E50D70 /* myswift3.app */;
			productType = "com.apple.product-type.application";
		};
		C584B4E51A431D9400E50D70 /* myswift3Tests */ = {
			isa = PBXNativeTarget;
			buildConfigurationList = C584B4F31A431D9400E50D70 /* Build configuration list for PBXNativeTarget "myswift3Tests" */;
			buildPhases = (
				C584B4E21A431D9400E50D70 /* Sources */,
				C584B4E31A431D9400E50D70 /* Frameworks */,
				C584B4E41A431D9400E50D70 /* Resources */,
			);
			buildRules = (
			);
			dependencies = (
				C584B4E81A431D9400E50D70 /* PBXTargetDependency */,
			);
			name = myswift3Tests;
			productName = myswift3Tests;
			productReference = C584B4E61A431D9400E50D70 /* myswift3Tests.xctest */;
			productType = "com.apple.product-type.bundle.unit-test";
		};
/* End PBXNativeTarget section */

/* Begin PBXProject section */
		C584B4C61A431D9400E50D70 /* Project object */ = {
			isa = PBXProject;
			attributes = {
				LastUpgradeCheck = 0610;
				ORGANIZATIONNAME = jackyuan;
				TargetAttributes = {
					C584B4CD1A431D9400E50D70 = {
						CreatedOnToolsVersion = 6.1.1;
					};
					C584B4E51A431D9400E50D70 = {
						CreatedOnToolsVersion = 6.1.1;
						TestTargetID = C584B4CD1A431D9400E50D70;
					};
				};
			};
			buildConfigurationList = C584B4C91A431D9400E50D70 /* Build configuration list for PBXProject "myswift3" */;
			compatibilityVersion = "Xcode 3.2";
			developmentRegion = English;
			hasScannedForEncodings = 0;
			knownRegions = (
				en,
				Base,
			);
			mainGroup = C584B4C51A431D9400E50D70;
			productRefGroup = C584B4CF1A431D9400E50D70 /* Products */;
			projectDirPath = "";
			projectRoot = "";
			targets = (
				C584B4CD1A431D9400E50D70 /* myswift3 */,
				C584B4E51A431D9400E50D70 /* myswift3Tests */,
			);
		};
/* End PBXProject section */

/* Begin PBXResourcesBuildPhase section */
		C584B4CC1A431D9400E50D70 /* Resources */ = {
			isa = PBXResourcesBuildPhase;
			buildActionMask = 2147483647;
			files = (
				C584B4DC1A431D9400E50D70 /* Main.storyboard in Resources */,
				C584B4E11A431D9400E50D70 /* LaunchScreen.xib in Resources */,
				C584B4DE1A431D9400E50D70 /* Images.xcassets in Resources */,
			);
			runOnlyForDeploymentPostprocessing = 0;
		};
		C584B4E41A431D9400E50D70 /* Resources */ = {
			isa = PBXResourcesBuildPhase;
			buildActionMask = 2147483647;
			files = (
			);
			runOnlyForDeploymentPostprocessing = 0;
		};
/* End PBXResourcesBuildPhase section */

/* Begin PBXSourcesBuildPhase section */
		C584B4CA1A431D9400E50D70 /* Sources */ = {
			isa = PBXSourcesBuildPhase;
			buildActionMask = 2147483647;
			files = (
				C584B4D91A431D9400E50D70 /* ViewController.swift in Sources */,
				C584B4D41A431D9400E50D70 /* AppDelegate.swift in Sources */,
				C584B4D71A431D9400E50D70 /* myswift3.xcdatamodeld in Sources */,
			);
			runOnlyForDeploymentPostprocessing = 0;
		};
		C584B4E21A431D9400E50D70 /* Sources */ = {
			isa = PBXSourcesBuildPhase;
			buildActionMask = 2147483647;
			files = (
				C584B4ED1A431D9400E50D70 /* myswift3Tests.swift in Sources */,
			);
			runOnlyForDeploymentPostprocessing = 0;
		};
/* End PBXSourcesBuildPhase section */

/* Begin PBXTargetDependency section */
		C584B4E81A431D9400E50D70 /* PBXTargetDependency */ = {
			isa = PBXTargetDependency;
			target = C584B4CD1A431D9400E50D70 /* myswift3 */;
			targetProxy = C584B4E71A431D9400E50D70 /* PBXContainerItemProxy */;
		};
/* End PBXTargetDependency section */

/* Begin PBXVariantGroup section */
		C584B4DA1A431D9400E50D70 /* Main.storyboard */ = {
			isa = PBXVariantGroup;
			children = (
				C584B4DB1A431D9400E50D70 /* Base */,
			);
			name = Main.storyboard;
			sourceTree = "<group>";
		};
		C584B4DF1A431D9400E50D70 /* LaunchScreen.xib */ = {
			isa = PBXVariantGroup;
			children = (
				C584B4E01A431D9400E50D70 /* Base */,
			);
			name = LaunchScreen.xib;
			sourceTree = "<group>";
		};
/* End PBXVariantGroup section */

/* Begin XCBuildConfiguration section */
		C584B4EE1A431D9400E50D70 /* Debug */ = {
			isa = XCBuildConfiguration;
			buildSettings = {
				ALWAYS_SEARCH_USER_PATHS = NO;
				CLANG_CXX_LANGUAGE_STANDARD = "gnu++0x";
				CLANG_CXX_LIBRARY = "libc++";
				CLANG_ENABLE_MODULES = YES;
				CLANG_ENABLE_OBJC_ARC = YES;
				CLANG_WARN_BOOL_CONVERSION = YES;
				CLANG_WARN_CONSTANT_CONVERSION = YES;
				CLANG_WARN_DIRECT_OBJC_ISA_USAGE = YES_ERROR;
				CLANG_WARN_EMPTY_BODY = YES;
				CLANG_WARN_ENUM_CONVERSION = YES;
				CLANG_WARN_INT_CONVERSION = YES;
				CLANG_WARN_OBJC_ROOT_CLASS = YES_ERROR;
				CLANG_WARN_UNREACHABLE_CODE = YES;
				CLANG_WARN__DUPLICATE_METHOD_MATCH = YES;
				"CODE_SIGN_IDENTITY[sdk=iphoneos*]" = "iPhone Developer";
				COPY_PHASE_STRIP = NO;
				ENABLE_STRICT_OBJC_MSGSEND = YES;
				GCC_C_LANGUAGE_STANDARD = gnu99;
				GCC_DYNAMIC_NO_PIC = NO;
				GCC_OPTIMIZATION_LEVEL = 0;
				GCC_PREPROCESSOR_DEFINITIONS = (
					"DEBUG=1",
					"$(inherited)",
				);
				GCC_SYMBOLS_PRIVATE_EXTERN = NO;
				GCC_WARN_64_TO_32_BIT_CONVERSION = YES;
				GCC_WARN_ABOUT_RETURN_TYPE = YES_ERROR;
				GCC_WARN_UNDECLARED_SELECTOR = YES;
				GCC_WARN_UNINITIALIZED_AUTOS = YES_AGGRESSIVE;
				GCC_WARN_UNUSED_FUNCTION = YES;
				GCC_WARN_UNUSED_VARIABLE = YES;
				IPHONEOS_DEPLOYMENT_TARGET = 8.1;
				MTL_ENABLE_DEBUG_INFO = YES;
				ONLY_ACTIVE_ARCH = YES;
				SDKROOT = iphoneos;
				SWIFT_OPTIMIZATION_LEVEL = "-Onone";
			};
			name = Debug;
		};
		C584B4EF1A431D9400E50D70 /* Release */ = {
			isa = XCBuildConfiguration;
			buildSettings = {
				ALWAYS_SEARCH_USER_PATHS = NO;
				CLANG_CXX_LANGUAGE_STANDARD = "gnu++0x";
				CLANG_CXX_LIBRARY = "libc++";
				CLANG_ENABLE_MODULES = YES;
				CLANG_ENABLE_OBJC_ARC = YES;
				CLANG_WARN_BOOL_CONVERSION = YES;
				CLANG_WARN_CONSTANT_CONVERSION = YES;
				CLANG_WARN_DIRECT_OBJC_ISA_USAGE = YES_ERROR;
				CLANG_WARN_EMPTY_BODY = YES;
				CLANG_WARN_ENUM_CONVERSION = YES;
				CLANG_WARN_INT_CONVERSION = YES;
				CLANG_WARN_OBJC_ROOT_CLASS = YES_ERROR;
				CLANG_WARN_UNREACHABLE_CODE = YES;
				CLANG_WARN__DUPLICATE_METHOD_MATCH = YES;
				"CODE_SIGN_IDENTITY[sdk=iphoneos*]" = "iPhone Developer";
				COPY_PHASE_STRIP = YES;
				ENABLE_NS_ASSERTIONS = NO;
				ENABLE_STRICT_OBJC_MSGSEND = YES;
				GCC_C_LANGUAGE_STANDARD = gnu99;
				GCC_WARN_64_TO_32_BIT_CONVERSION = YES;
				GCC_WARN_ABOUT_RETURN_TYPE = YES_ERROR;
				GCC_WARN_UNDECLARED_SELECTOR = YES;
				GCC_WARN_UNINITIALIZED_AUTOS = YES_AGGRESSIVE;
				GCC_WARN_UNUSED_FUNCTION = YES;
				GCC_WARN_UNUSED_VARIABLE = YES;
				IPHONEOS_DEPLOYMENT_TARGET = 8.1;
				MTL_ENABLE_DEBUG_INFO = NO;
				SDKROOT = iphoneos;
				VALIDATE_PRODUCT = YES;
			};
			name = Release;
		};
		C584B4F11A431D9400E50D70 /* Debug */ = {
			isa = XCBuildConfiguration;
			buildSettings = {
				ASSETCATALOG_COMPILER_APPICON_NAME = AppIcon;
				INFOPLIST_FILE = myswift3/Info.plist;
				LD_RUNPATH_SEARCH_PATHS = "$(inherited) @executable_path/Frameworks";
				PRODUCT_NAME = "$(TARGET_NAME)";
			};
			name = Debug;
		};
		C584B4F21A431D9400E50D70 /* Release */ = {
			isa = XCBuildConfiguration;
			buildSettings = {
				ASSETCATALOG_COMPILER_APPICON_NAME = AppIcon;
				INFOPLIST_FILE = myswift3/Info.plist;
				LD_RUNPATH_SEARCH_PATHS = "$(inherited) @executable_path/Frameworks";
				PRODUCT_NAME = "$(TARGET_NAME)";
			};
			name = Release;
		};
		C584B4F41A431D9400E50D70 /* Debug */ = {
			isa = XCBuildConfiguration;
			buildSettings = {
				BUNDLE_LOADER = "$(TEST_HOST)";
				FRAMEWORK_SEARCH_PATHS = (
					"$(SDKROOT)/Developer/Library/Frameworks",
					"$(inherited)",
				);
				GCC_PREPROCESSOR_DEFINITIONS = (
					"DEBUG=1",
					"$(inherited)",
				);
				INFOPLIST_FILE = myswift3Tests/Info.plist;
				LD_RUNPATH_SEARCH_PATHS = "$(inherited) @executable_path/Frameworks @loader_path/Frameworks";
				PRODUCT_NAME = "$(TARGET_NAME)";
				TEST_HOST = "$(BUILT_PRODUCTS_DIR)/myswift3.app/myswift3";
			};
			name = Debug;
		};
		C584B4F51A431D9400E50D70 /* Release */ = {
			isa = XCBuildConfiguration;
			buildSettings = {
				BUNDLE_LOADER = "$(TEST_HOST)";
				FRAMEWORK_SEARCH_PATHS = (
					"$(SDKROOT)/Developer/Library/Frameworks",
					"$(inherited)",
				);
				INFOPLIST_FILE = myswift3Tests/Info.plist;
				LD_RUNPATH_SEARCH_PATHS = "$(inherited) @executable_path/Frameworks @loader_path/Frameworks";
				PRODUCT_NAME = "$(TARGET_NAME)";
				TEST_HOST = "$(BUILT_PRODUCTS_DIR)/myswift3.app/myswift3";
			};
			name = Release;
		};
/* End XCBuildConfiguration section */

/* Begin XCConfigurationList section */
		C584B4C91A431D9400E50D70 /* Build configuration list for PBXProject "myswift3" */ = {
			isa = XCConfigurationList;
			buildConfigurations = (
				C584B4EE1A431D9400E50D70 /* Debug */,
				C584B4EF1A431D9400E50D70 /* Release */,
			);
			defaultConfigurationIsVisible = 0;
			defaultConfigurationName = Release;
		};
		C584B4F01A431D9400E50D70 /* Build configuration list for PBXNativeTarget "myswift3" */ = {
			isa = XCConfigurationList;
			buildConfigurations = (
				C584B4F11A431D9400E50D70 /* Debug */,
				C584B4F21A431D9400E50D70 /* Release */,
			);
			defaultConfigurationIsVisible = 0;
		};
		C584B4F31A431D9400E50D70 /* Build configuration list for PBXNativeTarget "myswift3Tests" */ = {
			isa = XCConfigurationList;
			buildConfigurations = (
				C584B4F41A431D9400E50D70 /* Debug */,
				C584B4F51A431D9400E50D70 /* Release */,
			);
			defaultConfigurationIsVisible = 0;
		};
/* End XCConfigurationList section */

/* Begin XCVersionGroup section */
		C584B4D51A431D9400E50D70 /* myswift3.xcdatamodeld */ = {
			isa = XCVersionGroup;
			children = (
				C584B4D61A431D9400E50D70 /* myswift3.xcdatamodel */,
			);
			currentVersion = C584B4D61A431D9400E50D70 /* myswift3.xcdatamodel */;
			path = myswift3.xcdatamodeld;
			sourceTree = "<group>";
			versionGroupType = wrapper.xcdatamodel;
		};
/* End XCVersionGroup section */
	};
	rootObject = C584B4C61A431D9400E50D70 /* Project object */;
}
